
Microsoft Visual Studio Solution File, Format Version 12.00
# Visual Studio Version 17
VisualStudioVersion = 17.5.002.0
MinimumVisualStudioVersion = 10.0.40219.1
Project("{9A19103F-16F7-4668-BE54-9A1E7A4F7556}") = "AyBorg.Types", "src\AyBorg.Types.csproj", "{FBECF792-C906-4E9C-AEF3-5FB842A739B2}"
EndProject
Project("{FAE04EC0-301F-11D3-BF4B-00C04F79EFBC}") = "AyBorg.Types.Tests", "test\AyBorg.Types.Tests.csproj", "{D9B30367-C80F-47D5-B7B7-F9192B8ACBCB}"
EndProject
Global
	GlobalSection(SolutionConfigurationPlatforms) = preSolution
		Debug|Any CPU = Debug|Any CPU
		Release|Any CPU = Release|Any CPU
	EndGlobalSection
	GlobalSection(ProjectConfigurationPlatforms) = postSolution
		{FBECF792-C906-4E9C-AEF3-5FB842A739B2}.Debug|Any CPU.ActiveCfg = Debug|Any CPU
		{FBECF792-C906-4E9C-AEF3-5FB842A739B2}.Debug|Any CPU.Build.0 = Debug|Any CPU
		{FBECF792-C906-4E9C-AEF3-5FB842A739B2}.Release|Any CPU.ActiveCfg = Release|Any CPU
		{FBECF792-C906-4E9C-AEF3-5FB842A739B2}.Release|Any CPU.Build.0 = Release|Any CPU
		{D9B30367-C80F-47D5-B7B7-F9192B8ACBCB}.Debug|Any CPU.ActiveCfg = Debug|Any CPU
		{D9B30367-C80F-47D5-B7B7-F9192B8ACBCB}.Debug|Any CPU.Build.0 = Debug|Any CPU
		{D9B30367-C80F-47D5-B7B7-F9192B8ACBCB}.Release|Any CPU.ActiveCfg = Release|Any CPU
		{D9B30367-C80F-47D5-B7B7-F9192B8ACBCB}.Release|Any CPU.Build.0 = Release|Any CPU
	EndGlobalSection
	GlobalSection(SolutionProperties) = preSolution
		HideSolutionNode = FALSE
	EndGlobalSection
	GlobalSection(ExtensibilityGlobals) = postSolution
		SolutionGuid = {3C538FB4-CB62-423C-B219-B2D13CEC3615}
	EndGlobalSection
EndGlobal
